
Microsoft Visual Studio Solution File, Format Version 12.00
# Visual Studio Version 16
VisualStudioVersion = 16.0.31729.503
MinimumVisualStudioVersion = 10.0.40219.1
Project("{FAE04EC0-301F-11D3-BF4B-00C04F79EFBC}") = "graphic project", "graphic project\graphic project.csproj", "{42B1611D-0F74-488A-90B4-4F805B02C6D6}"
EndProject
Global
	GlobalSection(SolutionConfigurationPlatforms) = preSolution
		Debug|Any CPU = Debug|Any CPU
		Release|Any CPU = Release|Any CPU
	EndGlobalSection
	GlobalSection(ProjectConfigurationPlatforms) = postSolution
		{42B1611D-0F74-488A-90B4-4F805B02C6D6}.Debug|Any CPU.ActiveCfg = Debug|Any CPU
		{42B1611D-0F74-488A-90B4-4F805B02C6D6}.Debug|Any CPU.Build.0 = Debug|Any CPU
		{42B1611D-0F74-488A-90B4-4F805B02C6D6}.Release|Any CPU.ActiveCfg = Release|Any CPU
		{42B1611D-0F74-488A-90B4-4F805B02C6D6}.Release|Any CPU.Build.0 = Release|Any CPU
	EndGlobalSection
	GlobalSection(SolutionProperties) = preSolution
		HideSolutionNode = FALSE
	EndGlobalSection
	GlobalSection(ExtensibilityGlobals) = postSolution
		SolutionGuid = {760D2E50-61C8-4676-A191-F9470F4EF699}
	EndGlobalSection
EndGlobal
